// !$*UTF8*$!
{
	archiveVersion = 1;
	classes = {
	};
	objectVersion = 77;
	objects = {

/* Begin PBXBuildFile section */
		035CD2DDF74C4CC90FA72D04 /* LessonLoaderTests.swift in Sources */ = {isa = PBXBuildFile; fileRef = 6CBA9E15FC76A64B5E0BE8DB /* LessonLoaderTests.swift */; };
		051DC898031AE90D664EA7E2 /* AudioCaptureService.swift in Sources */ = {isa = PBXBuildFile; fileRef = 8A86575E4C13B8A8DA608462 /* AudioCaptureService.swift */; };
		0D66EFE146C639FAD4F865F2 /* ChordLibrary.swift in Sources */ = {isa = PBXBuildFile; fileRef = B24A342889F32E6550478636 /* ChordLibrary.swift */; };
		0D8B7E399A4BC498F011BBE6 /* TabScrollView.swift in Sources */ = {isa = PBXBuildFile; fileRef = B0F69ADA19DC0B70A9B51E4E /* TabScrollView.swift */; };
		12182FAA64102E6D2F110789 /* AppTabView.swift in Sources */ = {isa = PBXBuildFile; fileRef = 97B797E635D1AD9DC4C4B98B /* AppTabView.swift */; };
		1330E43172489BD1F8C08E28 /* em-to-am-transition.json in Resources */ = {isa = PBXBuildFile; fileRef = D5F00437BF8372DDDA071AE2 /* em-to-am-transition.json */; };
		14B5166390106AFD92F1B98D /* WelcomeView.swift in Sources */ = {isa = PBXBuildFile; fileRef = C88B99652F377A1D68889B4B /* WelcomeView.swift */; };
		199D431275E5D6521825A13A /* TunerEngine.swift in Sources */ = {isa = PBXBuildFile; fileRef = 31E68FFC901F4A7FE63B5A9E /* TunerEngine.swift */; };
		1DD73F2B56D5893D4372C4DE /* MicPermissionView.swift in Sources */ = {isa = PBXBuildFile; fileRef = 189F81503095C21805831318 /* MicPermissionView.swift */; };
		2E17D5E8CA3CF20DC2CE71E6 /* ChordClassifierTests.swift in Sources */ = {isa = PBXBuildFile; fileRef = B64FF1CAA44D635A5171E658 /* ChordClassifierTests.swift */; };
		2F5A59F54D48FC45E95AB1E0 /* ChordClassifier.swift in Sources */ = {isa = PBXBuildFile; fileRef = 477D3D37A746DD1490355DD6 /* ChordClassifier.swift */; };
		37A98D439231DD37C5B2A31C /* ChordMastery.swift in Sources */ = {isa = PBXBuildFile; fileRef = 884D1A073EB0C97EB3735F8F /* ChordMastery.swift */; };
		3C101622DAB4260744DED52A /* ChordDetectionEvent.swift in Sources */ = {isa = PBXBuildFile; fileRef = 0C0B24A82FABD0E7D848C4B9 /* ChordDetectionEvent.swift */; };
		4D1730E050636619AF86ED26 /* ContentView.swift in Sources */ = {isa = PBXBuildFile; fileRef = B5502EC9113B552F204E9CC4 /* ContentView.swift */; };
		569C196C712CF5DD8BCBA986 /* learn-am-chord.json in Resources */ = {isa = PBXBuildFile; fileRef = 5D1EAAE6145F0B3A96B59193 /* learn-am-chord.json */; };
		56CA672A43B39004E591152E /* FretwiseTests.swift in Sources */ = {isa = PBXBuildFile; fileRef = 543D51B1088ED35D611EA203 /* FretwiseTests.swift */; };
		5E9CB662D2E76999FA268FC0 /* OnboardingContainerView.swift in Sources */ = {isa = PBXBuildFile; fileRef = F8B415F37E94CB838113541F /* OnboardingContainerView.swift */; };
		62AF2AF366450AC8CE076021 /* learn-em-chord.json in Resources */ = {isa = PBXBuildFile; fileRef = D95A876E26474CB3818BBDF4 /* learn-em-chord.json */; };
		64ABB9A6634577C98EE1743C /* FeedbackOverlay.swift in Sources */ = {isa = PBXBuildFile; fileRef = 0FAE343B080480500F3411D2 /* FeedbackOverlay.swift */; };
		64BBEA361A5C57DF173BA7C8 /* SkillLevelView.swift in Sources */ = {isa = PBXBuildFile; fileRef = 10C0A9CC5EDB89B1315BAD20 /* SkillLevelView.swift */; };
		650926F826BBEBB785B722EB /* TunerView.swift in Sources */ = {isa = PBXBuildFile; fileRef = E598DD40E0EB8523D70BAD17 /* TunerView.swift */; };
		660634868F292A2B8CE8CF20 /* g-d-c-progression.json in Resources */ = {isa = PBXBuildFile; fileRef = 2E5212288EB829061386E347 /* g-d-c-progression.json */; };
		66D30E1601C01DA6E1189795 /* LessonModels.swift in Sources */ = {isa = PBXBuildFile; fileRef = D0E32E893EE18CC619B08082 /* LessonModels.swift */; };
		73182C8C04D77B3BC14F2164 /* g-to-c-transition.json in Resources */ = {isa = PBXBuildFile; fileRef = 146BE3A84D8BE563696AF2FC /* g-to-c-transition.json */; };
		78401C52446B0AB20BD64303 /* StringIndicatorView.swift in Sources */ = {isa = PBXBuildFile; fileRef = DE4EF6C688A82B638456CB93 /* StringIndicatorView.swift */; };
		7A32AEEA6CD00B4834F54039 /* LessonEngine.swift in Sources */ = {isa = PBXBuildFile; fileRef = 82E438F373E26B53C70D925C /* LessonEngine.swift */; };
		8142206CCDD482A196E08527 /* ModuleListView.swift in Sources */ = {isa = PBXBuildFile; fileRef = 97DDEDA637E8B2E52C207075 /* ModuleListView.swift */; };
		853E698846A0BEF9FCEC31ED /* PitchDetector.swift in Sources */ = {isa = PBXBuildFile; fileRef = 757D1BFE8BF79FF124D06964 /* PitchDetector.swift */; };
		85959B680C6CB0E629B450F0 /* ResultsView.swift in Sources */ = {isa = PBXBuildFile; fileRef = 72EE65515186E80A67FE413F /* ResultsView.swift */; };
		863FCC0978565B96B43E9EF9 /* NeedleGaugeView.swift in Sources */ = {isa = PBXBuildFile; fileRef = 0F5D204E19C8A8A93886D0E1 /* NeedleGaugeView.swift */; };
		86D520A287D83F1A612EAC98 /* TunerEngineTests.swift in Sources */ = {isa = PBXBuildFile; fileRef = 3734075343CFEE1D9D44241C /* TunerEngineTests.swift */; };
		9B35FE165C3A0F38549C2729 /* ChromaExtractor.swift in Sources */ = {isa = PBXBuildFile; fileRef = 8A781F1B888FF4BA1D22368B /* ChromaExtractor.swift */; };
		9E444446C6320A37477E9015 /* learn-d-chord.json in Resources */ = {isa = PBXBuildFile; fileRef = AD67A9241BB192CCA3C41BC5 /* learn-d-chord.json */; };
		A361913FB9C8B54B3182C949 /* Assets.xcassets in Resources */ = {isa = PBXBuildFile; fileRef = 51E34339F2574802CC194C15 /* Assets.xcassets */; };
		A79B83FF9822EC5F4D6EB84F /* ChordDetectionService.swift in Sources */ = {isa = PBXBuildFile; fileRef = D108A7ECA8E3D5A4D59E9091 /* ChordDetectionService.swift */; };
		A90AF171F4E255F3504688BE /* PitchDetectorTests.swift in Sources */ = {isa = PBXBuildFile; fileRef = 59FFC0A9461941460DD8A589 /* PitchDetectorTests.swift */; };
		B0F5A2623BCE0FB6D503E9EF /* learn-g-chord.json in Resources */ = {isa = PBXBuildFile; fileRef = 52115D2EBCD7649E9356250E /* learn-g-chord.json */; };
		B39454F3231FDA14BEF87096 /* ChromaExtractorTests.swift in Sources */ = {isa = PBXBuildFile; fileRef = 71DAF81C56F34E26B69DBB56 /* ChromaExtractorTests.swift */; };
		BABFDFEABADA7F5D9B79AD50 /* ChordLibraryTests.swift in Sources */ = {isa = PBXBuildFile; fileRef = A71927E689B954C5C821BAAC /* ChordLibraryTests.swift */; };
		BF1A90064EACFE0D319FD8DC /* PracticeView.swift in Sources */ = {isa = PBXBuildFile; fileRef = 19A1737CEA1DEA63B743458C /* PracticeView.swift */; };
		C5208B91D3928352D64DE5F5 /* LessonEngineTests.swift in Sources */ = {isa = PBXBuildFile; fileRef = DA2EC3A0A86A0E4B8F88A94D /* LessonEngineTests.swift */; };
		C77B4EC08218C84F1DDCBC5C /* LessonListView.swift in Sources */ = {isa = PBXBuildFile; fileRef = 21E93E8133AE2A2135A6982C /* LessonListView.swift */; };
		CF27A1FC9F2BBD1254F22287 /* LessonLoader.swift in Sources */ = {isa = PBXBuildFile; fileRef = 649779F4FD40C6E500218764 /* LessonLoader.swift */; };
		D518089C4621C742E1318611 /* FretboardView.swift in Sources */ = {isa = PBXBuildFile; fileRef = 41E0294E7567C28F559B65F4 /* FretboardView.swift */; };
		D9BC6CAECC3A6224BD9E75AF /* UserProgress.swift in Sources */ = {isa = PBXBuildFile; fileRef = D963F0923958664045514888 /* UserProgress.swift */; };
		E59095F324E92F0DC2D5AF61 /* ChordTemplate.swift in Sources */ = {isa = PBXBuildFile; fileRef = C6BCCFCAFEDB72553BDED417 /* ChordTemplate.swift */; };
		EE8F927EFEF016484F1B9D6E /* learn-c-chord.json in Resources */ = {isa = PBXBuildFile; fileRef = CCD8D892E66C3A5A837CF7B6 /* learn-c-chord.json */; };
		F26A808040F883EB80839056 /* TargetChordHeader.swift in Sources */ = {isa = PBXBuildFile; fileRef = A6CA48552D6B20F01F75942A /* TargetChordHeader.swift */; };
		FB2A5822ACF6B833BC021F60 /* FretwiseApp.swift in Sources */ = {isa = PBXBuildFile; fileRef = 6C135E2B1EC752A208C38812 /* FretwiseApp.swift */; };
/* End PBXBuildFile section */

/* Begin PBXContainerItemProxy section */
		E4127C35A5CDFF907267AF0A /* PBXContainerItemProxy */ = {
			isa = PBXContainerItemProxy;
			containerPortal = 85F5C12F0F52B199372E7F75 /* Project object */;
			proxyType = 1;
			remoteGlobalIDString = B81392D9B0B24BAAD23031BE;
			remoteInfo = Fretwise;
		};
/* End PBXContainerItemProxy section */

/* Begin PBXFileReference section */
		0C0B24A82FABD0E7D848C4B9 /* ChordDetectionEvent.swift */ = {isa = PBXFileReference; lastKnownFileType = sourcecode.swift; path = ChordDetectionEvent.swift; sourceTree = "<group>"; };
		0F5D204E19C8A8A93886D0E1 /* NeedleGaugeView.swift */ = {isa = PBXFileReference; lastKnownFileType = sourcecode.swift; path = NeedleGaugeView.swift; sourceTree = "<group>"; };
		0FAE343B080480500F3411D2 /* FeedbackOverlay.swift */ = {isa = PBXFileReference; lastKnownFileType = sourcecode.swift; path = FeedbackOverlay.swift; sourceTree = "<group>"; };
		10C0A9CC5EDB89B1315BAD20 /* SkillLevelView.swift */ = {isa = PBXFileReference; lastKnownFileType = sourcecode.swift; path = SkillLevelView.swift; sourceTree = "<group>"; };
		146BE3A84D8BE563696AF2FC /* g-to-c-transition.json */ = {isa = PBXFileReference; lastKnownFileType = text.json; path = "g-to-c-transition.json"; sourceTree = "<group>"; };
		150086869C2D0F1DDBED1A2B /* Info.plist */ = {isa = PBXFileReference; lastKnownFileType = text.plist; path = Info.plist; sourceTree = "<group>"; };
		189F81503095C21805831318 /* MicPermissionView.swift */ = {isa = PBXFileReference; lastKnownFileType = sourcecode.swift; path = MicPermissionView.swift; sourceTree = "<group>"; };
		19A1737CEA1DEA63B743458C /* PracticeView.swift */ = {isa = PBXFileReference; lastKnownFileType = sourcecode.swift; path = PracticeView.swift; sourceTree = "<group>"; };
		21E93E8133AE2A2135A6982C /* LessonListView.swift */ = {isa = PBXFileReference; lastKnownFileType = sourcecode.swift; path = LessonListView.swift; sourceTree = "<group>"; };
		2E5212288EB829061386E347 /* g-d-c-progression.json */ = {isa = PBXFileReference; lastKnownFileType = text.json; path = "g-d-c-progression.json"; sourceTree = "<group>"; };
		31E68FFC901F4A7FE63B5A9E /* TunerEngine.swift */ = {isa = PBXFileReference; lastKnownFileType = sourcecode.swift; path = TunerEngine.swift; sourceTree = "<group>"; };
		3734075343CFEE1D9D44241C /* TunerEngineTests.swift */ = {isa = PBXFileReference; lastKnownFileType = sourcecode.swift; path = TunerEngineTests.swift; sourceTree = "<group>"; };
		41E0294E7567C28F559B65F4 /* FretboardView.swift */ = {isa = PBXFileReference; lastKnownFileType = sourcecode.swift; path = FretboardView.swift; sourceTree = "<group>"; };
		477D3D37A746DD1490355DD6 /* ChordClassifier.swift */ = {isa = PBXFileReference; lastKnownFileType = sourcecode.swift; path = ChordClassifier.swift; sourceTree = "<group>"; };
		51E34339F2574802CC194C15 /* Assets.xcassets */ = {isa = PBXFileReference; lastKnownFileType = folder.assetcatalog; path = Assets.xcassets; sourceTree = "<group>"; };
		52115D2EBCD7649E9356250E /* learn-g-chord.json */ = {isa = PBXFileReference; lastKnownFileType = text.json; path = "learn-g-chord.json"; sourceTree = "<group>"; };
		543D51B1088ED35D611EA203 /* FretwiseTests.swift */ = {isa = PBXFileReference; lastKnownFileType = sourcecode.swift; path = FretwiseTests.swift; sourceTree = "<group>"; };
		59FFC0A9461941460DD8A589 /* PitchDetectorTests.swift */ = {isa = PBXFileReference; lastKnownFileType = sourcecode.swift; path = PitchDetectorTests.swift; sourceTree = "<group>"; };
		5CFFEA0D6E49FD76AD6C790E /* FretwiseTests.xctest */ = {isa = PBXFileReference; includeInIndex = 0; lastKnownFileType = wrapper.cfbundle; path = FretwiseTests.xctest; sourceTree = BUILT_PRODUCTS_DIR; };
		5D1EAAE6145F0B3A96B59193 /* learn-am-chord.json */ = {isa = PBXFileReference; lastKnownFileType = text.json; path = "learn-am-chord.json"; sourceTree = "<group>"; };
		649779F4FD40C6E500218764 /* LessonLoader.swift */ = {isa = PBXFileReference; lastKnownFileType = sourcecode.swift; path = LessonLoader.swift; sourceTree = "<group>"; };
		6C135E2B1EC752A208C38812 /* FretwiseApp.swift */ = {isa = PBXFileReference; lastKnownFileType = sourcecode.swift; path = FretwiseApp.swift; sourceTree = "<group>"; };
		6CBA9E15FC76A64B5E0BE8DB /* LessonLoaderTests.swift */ = {isa = PBXFileReference; lastKnownFileType = sourcecode.swift; path = LessonLoaderTests.swift; sourceTree = "<group>"; };
		71DAF81C56F34E26B69DBB56 /* ChromaExtractorTests.swift */ = {isa = PBXFileReference; lastKnownFileType = sourcecode.swift; path = ChromaExtractorTests.swift; sourceTree = "<group>"; };
		72EE65515186E80A67FE413F /* ResultsView.swift */ = {isa = PBXFileReference; lastKnownFileType = sourcecode.swift; path = ResultsView.swift; sourceTree = "<group>"; };
		757D1BFE8BF79FF124D06964 /* PitchDetector.swift */ = {isa = PBXFileReference; lastKnownFileType = sourcecode.swift; path = PitchDetector.swift; sourceTree = "<group>"; };
		82E438F373E26B53C70D925C /* LessonEngine.swift */ = {isa = PBXFileReference; lastKnownFileType = sourcecode.swift; path = LessonEngine.swift; sourceTree = "<group>"; };
		884D1A073EB0C97EB3735F8F /* ChordMastery.swift */ = {isa = PBXFileReference; lastKnownFileType = sourcecode.swift; path = ChordMastery.swift; sourceTree = "<group>"; };
		8A781F1B888FF4BA1D22368B /* ChromaExtractor.swift */ = {isa = PBXFileReference; lastKnownFileType = sourcecode.swift; path = ChromaExtractor.swift; sourceTree = "<group>"; };
		8A86575E4C13B8A8DA608462 /* AudioCaptureService.swift */ = {isa = PBXFileReference; lastKnownFileType = sourcecode.swift; path = AudioCaptureService.swift; sourceTree = "<group>"; };
		97B797E635D1AD9DC4C4B98B /* AppTabView.swift */ = {isa = PBXFileReference; lastKnownFileType = sourcecode.swift; path = AppTabView.swift; sourceTree = "<group>"; };
		97DDEDA637E8B2E52C207075 /* ModuleListView.swift */ = {isa = PBXFileReference; lastKnownFileType = sourcecode.swift; path = ModuleListView.swift; sourceTree = "<group>"; };
		A6CA48552D6B20F01F75942A /* TargetChordHeader.swift */ = {isa = PBXFileReference; lastKnownFileType = sourcecode.swift; path = TargetChordHeader.swift; sourceTree = "<group>"; };
		A71927E689B954C5C821BAAC /* ChordLibraryTests.swift */ = {isa = PBXFileReference; lastKnownFileType = sourcecode.swift; path = ChordLibraryTests.swift; sourceTree = "<group>"; };
		AD67A9241BB192CCA3C41BC5 /* learn-d-chord.json */ = {isa = PBXFileReference; lastKnownFileType = text.json; path = "learn-d-chord.json"; sourceTree = "<group>"; };
		B0F69ADA19DC0B70A9B51E4E /* TabScrollView.swift */ = {isa = PBXFileReference; lastKnownFileType = sourcecode.swift; path = TabScrollView.swift; sourceTree = "<group>"; };
		B24A342889F32E6550478636 /* ChordLibrary.swift */ = {isa = PBXFileReference; lastKnownFileType = sourcecode.swift; path = ChordLibrary.swift; sourceTree = "<group>"; };
		B5502EC9113B552F204E9CC4 /* ContentView.swift */ = {isa = PBXFileReference; lastKnownFileType = sourcecode.swift; path = ContentView.swift; sourceTree = "<group>"; };
		B64FF1CAA44D635A5171E658 /* ChordClassifierTests.swift */ = {isa = PBXFileReference; lastKnownFileType = sourcecode.swift; path = ChordClassifierTests.swift; sourceTree = "<group>"; };
		C6B142ECC53FBDAEE22489A2 /* Fretwise.app */ = {isa = PBXFileReference; includeInIndex = 0; lastKnownFileType = wrapper.application; path = Fretwise.app; sourceTree = BUILT_PRODUCTS_DIR; };
		C6BCCFCAFEDB72553BDED417 /* ChordTemplate.swift */ = {isa = PBXFileReference; lastKnownFileType = sourcecode.swift; path = ChordTemplate.swift; sourceTree = "<group>"; };
		C88B99652F377A1D68889B4B /* WelcomeView.swift */ = {isa = PBXFileReference; lastKnownFileType = sourcecode.swift; path = WelcomeView.swift; sourceTree = "<group>"; };
		CCD8D892E66C3A5A837CF7B6 /* learn-c-chord.json */ = {isa = PBXFileReference; lastKnownFileType = text.json; path = "learn-c-chord.json"; sourceTree = "<group>"; };
		D0E32E893EE18CC619B08082 /* LessonModels.swift */ = {isa = PBXFileReference; lastKnownFileType = sourcecode.swift; path = LessonModels.swift; sourceTree = "<group>"; };
		D108A7ECA8E3D5A4D59E9091 /* ChordDetectionService.swift */ = {isa = PBXFileReference; lastKnownFileType = sourcecode.swift; path = ChordDetectionService.swift; sourceTree = "<group>"; };
		D5F00437BF8372DDDA071AE2 /* em-to-am-transition.json */ = {isa = PBXFileReference; lastKnownFileType = text.json; path = "em-to-am-transition.json"; sourceTree = "<group>"; };
		D95A876E26474CB3818BBDF4 /* learn-em-chord.json */ = {isa = PBXFileReference; lastKnownFileType = text.json; path = "learn-em-chord.json"; sourceTree = "<group>"; };
		D963F0923958664045514888 /* UserProgress.swift */ = {isa = PBXFileReference; lastKnownFileType = sourcecode.swift; path = UserProgress.swift; sourceTree = "<group>"; };
		DA2EC3A0A86A0E4B8F88A94D /* LessonEngineTests.swift */ = {isa = PBXFileReference; lastKnownFileType = sourcecode.swift; path = LessonEngineTests.swift; sourceTree = "<group>"; };
		DE4EF6C688A82B638456CB93 /* StringIndicatorView.swift */ = {isa = PBXFileReference; lastKnownFileType = sourcecode.swift; path = StringIndicatorView.swift; sourceTree = "<group>"; };
		E598DD40E0EB8523D70BAD17 /* TunerView.swift */ = {isa = PBXFileReference; lastKnownFileType = sourcecode.swift; path = TunerView.swift; sourceTree = "<group>"; };
		F8B415F37E94CB838113541F /* OnboardingContainerView.swift */ = {isa = PBXFileReference; lastKnownFileType = sourcecode.swift; path = OnboardingContainerView.swift; sourceTree = "<group>"; };
/* End PBXFileReference section */

/* Begin PBXGroup section */
		0ADB545433EA65597AE85F17 /* Learn */ = {
			isa = PBXGroup;
			children = (
				21E93E8133AE2A2135A6982C /* LessonListView.swift */,
				97DDEDA637E8B2E52C207075 /* ModuleListView.swift */,
				72EE65515186E80A67FE413F /* ResultsView.swift */,
			);
			path = Learn;
			sourceTree = "<group>";
		};
		0E7ADD691D992C2E970F0586 /* Fretwise */ = {
			isa = PBXGroup;
			children = (
				71FA8BCA69EC600EBA7207B8 /* Audio */,
				F187FC9AA141F27C1999497B /* Lessons */,
				ABC01ADF0EF5D269910D4C6A /* Models */,
				C9B9548B48D2F6200962BFCB /* Navigation */,
				E156075B001731EAE719FAF3 /* Resources */,
				AF88AC78D6FA95A6E6F08139 /* Views */,
				B5502EC9113B552F204E9CC4 /* ContentView.swift */,
				6C135E2B1EC752A208C38812 /* FretwiseApp.swift */,
				150086869C2D0F1DDBED1A2B /* Info.plist */,
			);
			path = Fretwise;
			sourceTree = "<group>";
		};
		188583B34A1A3983CBAE8CC2 /* Onboarding */ = {
			isa = PBXGroup;
			children = (
				189F81503095C21805831318 /* MicPermissionView.swift */,
				F8B415F37E94CB838113541F /* OnboardingContainerView.swift */,
				10C0A9CC5EDB89B1315BAD20 /* SkillLevelView.swift */,
				C88B99652F377A1D68889B4B /* WelcomeView.swift */,
			);
			path = Onboarding;
			sourceTree = "<group>";
		};
		225F2C18673FB6FEA3AE865B /* Products */ = {
			isa = PBXGroup;
			children = (
				C6B142ECC53FBDAEE22489A2 /* Fretwise.app */,
				5CFFEA0D6E49FD76AD6C790E /* FretwiseTests.xctest */,
			);
			name = Products;
			sourceTree = "<group>";
		};
		27D7F51697149B3857BEA86D /* Tools */ = {
			isa = PBXGroup;
			children = (
				0F5D204E19C8A8A93886D0E1 /* NeedleGaugeView.swift */,
				DE4EF6C688A82B638456CB93 /* StringIndicatorView.swift */,
				E598DD40E0EB8523D70BAD17 /* TunerView.swift */,
			);
			path = Tools;
			sourceTree = "<group>";
		};
		46EF1091B3520D4AF42FC5AF /* Models */ = {
			isa = PBXGroup;
			children = (
				A71927E689B954C5C821BAAC /* ChordLibraryTests.swift */,
			);
			path = Models;
			sourceTree = "<group>";
		};
		710C21B166573B0FB4803DC8 /* first-chords */ = {
			isa = PBXGroup;
			children = (
				5D1EAAE6145F0B3A96B59193 /* learn-am-chord.json */,
				CCD8D892E66C3A5A837CF7B6 /* learn-c-chord.json */,
				AD67A9241BB192CCA3C41BC5 /* learn-d-chord.json */,
				D95A876E26474CB3818BBDF4 /* learn-em-chord.json */,
				52115D2EBCD7649E9356250E /* learn-g-chord.json */,
			);
			path = "first-chords";
			sourceTree = "<group>";
		};
		71FA8BCA69EC600EBA7207B8 /* Audio */ = {
			isa = PBXGroup;
			children = (
				8A86575E4C13B8A8DA608462 /* AudioCaptureService.swift */,
				477D3D37A746DD1490355DD6 /* ChordClassifier.swift */,
				0C0B24A82FABD0E7D848C4B9 /* ChordDetectionEvent.swift */,
				D108A7ECA8E3D5A4D59E9091 /* ChordDetectionService.swift */,
				8A781F1B888FF4BA1D22368B /* ChromaExtractor.swift */,
				757D1BFE8BF79FF124D06964 /* PitchDetector.swift */,
				31E68FFC901F4A7FE63B5A9E /* TunerEngine.swift */,
			);
			path = Audio;
			sourceTree = "<group>";
		};
		ABC01ADF0EF5D269910D4C6A /* Models */ = {
			isa = PBXGroup;
			children = (
				B24A342889F32E6550478636 /* ChordLibrary.swift */,
				884D1A073EB0C97EB3735F8F /* ChordMastery.swift */,
				C6BCCFCAFEDB72553BDED417 /* ChordTemplate.swift */,
				D963F0923958664045514888 /* UserProgress.swift */,
			);
			path = Models;
			sourceTree = "<group>";
		};
		AF88AC78D6FA95A6E6F08139 /* Views */ = {
			isa = PBXGroup;
			children = (
				0ADB545433EA65597AE85F17 /* Learn */,
				188583B34A1A3983CBAE8CC2 /* Onboarding */,
				D7EE126A4189B9A59B239370 /* Practice */,
				27D7F51697149B3857BEA86D /* Tools */,
			);
			path = Views;
			sourceTree = "<group>";
		};
		B1AF99C4F3217E96086421BA = {
			isa = PBXGroup;
			children = (
				0E7ADD691D992C2E970F0586 /* Fretwise */,
				CB05722165F199BFB09E7E50 /* FretwiseTests */,
				225F2C18673FB6FEA3AE865B /* Products */,
			);
			sourceTree = "<group>";
		};
		C12E04EFC78E0FB8AD11F1E6 /* Lessons */ = {
			isa = PBXGroup;
			children = (
				DA2EC3A0A86A0E4B8F88A94D /* LessonEngineTests.swift */,
				6CBA9E15FC76A64B5E0BE8DB /* LessonLoaderTests.swift */,
			);
			path = Lessons;
			sourceTree = "<group>";
		};
		C9B9548B48D2F6200962BFCB /* Navigation */ = {
			isa = PBXGroup;
			children = (
				97B797E635D1AD9DC4C4B98B /* AppTabView.swift */,
			);
			path = Navigation;
			sourceTree = "<group>";
		};
		CB05722165F199BFB09E7E50 /* FretwiseTests */ = {
			isa = PBXGroup;
			children = (
				FD0BB9388A7D42F46C5A3FC8 /* Audio */,
				C12E04EFC78E0FB8AD11F1E6 /* Lessons */,
				46EF1091B3520D4AF42FC5AF /* Models */,
				543D51B1088ED35D611EA203 /* FretwiseTests.swift */,
			);
			path = FretwiseTests;
			sourceTree = "<group>";
		};
		D07248739CE7D6ED8069B32F /* Lessons */ = {
			isa = PBXGroup;
			children = (
				E5563C7A048EB0B064A437D5 /* beginner */,
			);
			path = Lessons;
			sourceTree = "<group>";
		};
		D13BA564B44F44DCACD22A2B /* chord-changes */ = {
			isa = PBXGroup;
			children = (
				D5F00437BF8372DDDA071AE2 /* em-to-am-transition.json */,
				2E5212288EB829061386E347 /* g-d-c-progression.json */,
				146BE3A84D8BE563696AF2FC /* g-to-c-transition.json */,
			);
			path = "chord-changes";
			sourceTree = "<group>";
		};
		D7EE126A4189B9A59B239370 /* Practice */ = {
			isa = PBXGroup;
			children = (
				0FAE343B080480500F3411D2 /* FeedbackOverlay.swift */,
				41E0294E7567C28F559B65F4 /* FretboardView.swift */,
				19A1737CEA1DEA63B743458C /* PracticeView.swift */,
				B0F69ADA19DC0B70A9B51E4E /* TabScrollView.swift */,
				A6CA48552D6B20F01F75942A /* TargetChordHeader.swift */,
			);
			path = Practice;
			sourceTree = "<group>";
		};
		E156075B001731EAE719FAF3 /* Resources */ = {
			isa = PBXGroup;
			children = (
				D07248739CE7D6ED8069B32F /* Lessons */,
				51E34339F2574802CC194C15 /* Assets.xcassets */,
			);
			path = Resources;
			sourceTree = "<group>";
		};
		E5563C7A048EB0B064A437D5 /* beginner */ = {
			isa = PBXGroup;
			children = (
				D13BA564B44F44DCACD22A2B /* chord-changes */,
				710C21B166573B0FB4803DC8 /* first-chords */,
			);
			path = beginner;
			sourceTree = "<group>";
		};
		F187FC9AA141F27C1999497B /* Lessons */ = {
			isa = PBXGroup;
			children = (
				82E438F373E26B53C70D925C /* LessonEngine.swift */,
				649779F4FD40C6E500218764 /* LessonLoader.swift */,
				D0E32E893EE18CC619B08082 /* LessonModels.swift */,
			);
			path = Lessons;
			sourceTree = "<group>";
		};
		FD0BB9388A7D42F46C5A3FC8 /* Audio */ = {
			isa = PBXGroup;
			children = (
				B64FF1CAA44D635A5171E658 /* ChordClassifierTests.swift */,
				71DAF81C56F34E26B69DBB56 /* ChromaExtractorTests.swift */,
				59FFC0A9461941460DD8A589 /* PitchDetectorTests.swift */,
				3734075343CFEE1D9D44241C /* TunerEngineTests.swift */,
			);
			path = Audio;
			sourceTree = "<group>";
		};
/* End PBXGroup section */

/* Begin PBXNativeTarget section */
		B81392D9B0B24BAAD23031BE /* Fretwise */ = {
			isa = PBXNativeTarget;
			buildConfigurationList = 82F6F60D381448610E2462F9 /* Build configuration list for PBXNativeTarget "Fretwise" */;
			buildPhases = (
				0F1C2884399BD10B6F19D923 /* Sources */,
				EB7DDAD6BD48C96B2BC96021 /* Resources */,
			);
			buildRules = (
			);
			dependencies = (
			);
			name = Fretwise;
			packageProductDependencies = (
			);
			productName = Fretwise;
			productReference = C6B142ECC53FBDAEE22489A2 /* Fretwise.app */;
			productType = "com.apple.product-type.application";
		};
		D6DED4CB2291393A4856FD36 /* FretwiseTests */ = {
			isa = PBXNativeTarget;
			buildConfigurationList = 14952CD0708F98FC730000EF /* Build configuration list for PBXNativeTarget "FretwiseTests" */;
			buildPhases = (
				1B250AC3FDF1444A8290960E /* Sources */,
			);
			buildRules = (
			);
			dependencies = (
				E548F7F43ECD32212F7CA701 /* PBXTargetDependency */,
			);
			name = FretwiseTests;
			packageProductDependencies = (
			);
			productName = FretwiseTests;
			productReference = 5CFFEA0D6E49FD76AD6C790E /* FretwiseTests.xctest */;
			productType = "com.apple.product-type.bundle.unit-test";
		};
/* End PBXNativeTarget section */

/* Begin PBXProject section */
		85F5C12F0F52B199372E7F75 /* Project object */ = {
			isa = PBXProject;
			attributes = {
				BuildIndependentTargetsInParallel = YES;
				LastUpgradeCheck = 1500;
				TargetAttributes = {
				};
			};
			buildConfigurationList = 26C85840B558F7C460312AF8 /* Build configuration list for PBXProject "Fretwise" */;
			developmentRegion = en;
			hasScannedForEncodings = 0;
			knownRegions = (
				Base,
				en,
			);
			mainGroup = B1AF99C4F3217E96086421BA;
			minimizedProjectReferenceProxies = 1;
			preferredProjectObjectVersion = 77;
			productRefGroup = 225F2C18673FB6FEA3AE865B /* Products */;
			projectDirPath = "";
			projectRoot = "";
			targets = (
				B81392D9B0B24BAAD23031BE /* Fretwise */,
				D6DED4CB2291393A4856FD36 /* FretwiseTests */,
			);
		};
/* End PBXProject section */

/* Begin PBXResourcesBuildPhase section */
		EB7DDAD6BD48C96B2BC96021 /* Resources */ = {
			isa = PBXResourcesBuildPhase;
			buildActionMask = 2147483647;
			files = (
				A361913FB9C8B54B3182C949 /* Assets.xcassets in Resources */,
				1330E43172489BD1F8C08E28 /* em-to-am-transition.json in Resources */,
				660634868F292A2B8CE8CF20 /* g-d-c-progression.json in Resources */,
				73182C8C04D77B3BC14F2164 /* g-to-c-transition.json in Resources */,
				569C196C712CF5DD8BCBA986 /* learn-am-chord.json in Resources */,
				EE8F927EFEF016484F1B9D6E /* learn-c-chord.json in Resources */,
				9E444446C6320A37477E9015 /* learn-d-chord.json in Resources */,
				62AF2AF366450AC8CE076021 /* learn-em-chord.json in Resources */,
				B0F5A2623BCE0FB6D503E9EF /* learn-g-chord.json in Resources */,
			);
			runOnlyForDeploymentPostprocessing = 0;
		};
/* End PBXResourcesBuildPhase section */

/* Begin PBXSourcesBuildPhase section */
		0F1C2884399BD10B6F19D923 /* Sources */ = {
			isa = PBXSourcesBuildPhase;
			buildActionMask = 2147483647;
			files = (
				12182FAA64102E6D2F110789 /* AppTabView.swift in Sources */,
				051DC898031AE90D664EA7E2 /* AudioCaptureService.swift in Sources */,
				2F5A59F54D48FC45E95AB1E0 /* ChordClassifier.swift in Sources */,
				3C101622DAB4260744DED52A /* ChordDetectionEvent.swift in Sources */,
				A79B83FF9822EC5F4D6EB84F /* ChordDetectionService.swift in Sources */,
				0D66EFE146C639FAD4F865F2 /* ChordLibrary.swift in Sources */,
				37A98D439231DD37C5B2A31C /* ChordMastery.swift in Sources */,
				E59095F324E92F0DC2D5AF61 /* ChordTemplate.swift in Sources */,
				9B35FE165C3A0F38549C2729 /* ChromaExtractor.swift in Sources */,
				4D1730E050636619AF86ED26 /* ContentView.swift in Sources */,
				64ABB9A6634577C98EE1743C /* FeedbackOverlay.swift in Sources */,
				D518089C4621C742E1318611 /* FretboardView.swift in Sources */,
				FB2A5822ACF6B833BC021F60 /* FretwiseApp.swift in Sources */,
				7A32AEEA6CD00B4834F54039 /* LessonEngine.swift in Sources */,
				C77B4EC08218C84F1DDCBC5C /* LessonListView.swift in Sources */,
				CF27A1FC9F2BBD1254F22287 /* LessonLoader.swift in Sources */,
				66D30E1601C01DA6E1189795 /* LessonModels.swift in Sources */,
				1DD73F2B56D5893D4372C4DE /* MicPermissionView.swift in Sources */,
				8142206CCDD482A196E08527 /* ModuleListView.swift in Sources */,
				863FCC0978565B96B43E9EF9 /* NeedleGaugeView.swift in Sources */,
				5E9CB662D2E76999FA268FC0 /* OnboardingContainerView.swift in Sources */,
				853E698846A0BEF9FCEC31ED /* PitchDetector.swift in Sources */,
				BF1A90064EACFE0D319FD8DC /* PracticeView.swift in Sources */,
				85959B680C6CB0E629B450F0 /* ResultsView.swift in Sources */,
				64BBEA361A5C57DF173BA7C8 /* SkillLevelView.swift in Sources */,
				78401C52446B0AB20BD64303 /* StringIndicatorView.swift in Sources */,
				0D8B7E399A4BC498F011BBE6 /* TabScrollView.swift in Sources */,
				F26A808040F883EB80839056 /* TargetChordHeader.swift in Sources */,
				199D431275E5D6521825A13A /* TunerEngine.swift in Sources */,
				650926F826BBEBB785B722EB /* TunerView.swift in Sources */,
				D9BC6CAECC3A6224BD9E75AF /* UserProgress.swift in Sources */,
				14B5166390106AFD92F1B98D /* WelcomeView.swift in Sources */,
			);
			runOnlyForDeploymentPostprocessing = 0;
		};
		1B250AC3FDF1444A8290960E /* Sources */ = {
			isa = PBXSourcesBuildPhase;
			buildActionMask = 2147483647;
			files = (
				2E17D5E8CA3CF20DC2CE71E6 /* ChordClassifierTests.swift in Sources */,
				BABFDFEABADA7F5D9B79AD50 /* ChordLibraryTests.swift in Sources */,
				B39454F3231FDA14BEF87096 /* ChromaExtractorTests.swift in Sources */,
				56CA672A43B39004E591152E /* FretwiseTests.swift in Sources */,
				C5208B91D3928352D64DE5F5 /* LessonEngineTests.swift in Sources */,
				035CD2DDF74C4CC90FA72D04 /* LessonLoaderTests.swift in Sources */,
				A90AF171F4E255F3504688BE /* PitchDetectorTests.swift in Sources */,
				86D520A287D83F1A612EAC98 /* TunerEngineTests.swift in Sources */,
			);
			runOnlyForDeploymentPostprocessing = 0;
		};
/* End PBXSourcesBuildPhase section */

/* Begin PBXTargetDependency section */
		E548F7F43ECD32212F7CA701 /* PBXTargetDependency */ = {
			isa = PBXTargetDependency;
			target = B81392D9B0B24BAAD23031BE /* Fretwise */;
			targetProxy = E4127C35A5CDFF907267AF0A /* PBXContainerItemProxy */;
		};
/* End PBXTargetDependency section */

/* Begin XCBuildConfiguration section */
		1B179FFA9094476503E7C5C6 /* Release */ = {
			isa = XCBuildConfiguration;
			buildSettings = {
				ASSETCATALOG_COMPILER_APPICON_NAME = AppIcon;
				CODE_SIGN_IDENTITY = "iPhone Developer";
				CURRENT_PROJECT_VERSION = 1;
				INFOPLIST_FILE = Fretwise/Info.plist;
				INFOPLIST_KEY_NSMicrophoneUsageDescription = "Fretwise listens to your guitar to detect chords and give real-time feedback as you practice.";
				INFOPLIST_KEY_UILaunchScreen_Generation = YES;
				LD_RUNPATH_SEARCH_PATHS = (
					"$(inherited)",
					"@executable_path/Frameworks",
				);
				MARKETING_VERSION = 1.0;
				PRODUCT_BUNDLE_IDENTIFIER = com.karankotai.Fretwise;
				SDKROOT = iphoneos;
				TARGETED_DEVICE_FAMILY = "1,2";
			};
			name = Release;
		};
		463E79A07EC4595B88B1E267 /* Debug */ = {
			isa = XCBuildConfiguration;
			buildSettings = {
				BUNDLE_LOADER = "$(TEST_HOST)";
				LD_RUNPATH_SEARCH_PATHS = (
					"$(inherited)",
					"@executable_path/Frameworks",
					"@loader_path/Frameworks",
				);
				PRODUCT_BUNDLE_IDENTIFIER = com.karankotai.FretwiseTests;
				SDKROOT = iphoneos;
				TARGETED_DEVICE_FAMILY = "1,2";
				TEST_HOST = "$(BUILT_PRODUCTS_DIR)/Fretwise.app/Fretwise";
			};
			name = Debug;
		};
		9035213F4908C9E495600382 /* Debug */ = {
			isa = XCBuildConfiguration;
			buildSettings = {
				ASSETCATALOG_COMPILER_APPICON_NAME = AppIcon;
				CODE_SIGN_IDENTITY = "iPhone Developer";
				CURRENT_PROJECT_VERSION = 1;
				INFOPLIST_FILE = Fretwise/Info.plist;
				INFOPLIST_KEY_NSMicrophoneUsageDescription = "Fretwise listens to your guitar to detect chords and give real-time feedback as you practice.";
				INFOPLIST_KEY_UILaunchScreen_Generation = YES;
				LD_RUNPATH_SEARCH_PATHS = (
					"$(inherited)",
					"@executable_path/Frameworks",
				);
				MARKETING_VERSION = 1.0;
				PRODUCT_BUNDLE_IDENTIFIER = com.karankotai.Fretwise;
				SDKROOT = iphoneos;
				TARGETED_DEVICE_FAMILY = "1,2";
			};
			name = Debug;
		};
		BA34761C324FA918478AF6C6 /* Debug */ = {
			isa = XCBuildConfiguration;
			buildSettings = {
				ALWAYS_SEARCH_USER_PATHS = NO;
				CLANG_ANALYZER_NONNULL = YES;
				CLANG_ANALYZER_NUMBER_OBJECT_CONVERSION = YES_AGGRESSIVE;
				CLANG_CXX_LANGUAGE_STANDARD = "gnu++14";
				CLANG_CXX_LIBRARY = "libc++";
				CLANG_ENABLE_MODULES = YES;
				CLANG_ENABLE_OBJC_ARC = YES;
				CLANG_ENABLE_OBJC_WEAK = YES;
				CLANG_WARN_BLOCK_CAPTURE_AUTORELEASING = YES;
				CLANG_WARN_BOOL_CONVERSION = YES;
				CLANG_WARN_COMMA = YES;
				CLANG_WARN_CONSTANT_CONVERSION = YES;
				CLANG_WARN_DEPRECATED_OBJC_IMPLEMENTATIONS = YES;
				CLANG_WARN_DIRECT_OBJC_ISA_USAGE = YES_ERROR;
				CLANG_WARN_DOCUMENTATION_COMMENTS = YES;
				CLANG_WARN_EMPTY_BODY = YES;
				CLANG_WARN_ENUM_CONVERSION = YES;
				CLANG_WARN_INFINITE_RECURSION = YES;
				CLANG_WARN_INT_CONVERSION = YES;
				CLANG_WARN_NON_LITERAL_NULL_CONVERSION = YES;
				CLANG_WARN_OBJC_IMPLICIT_RETAIN_SELF = YES;
				CLANG_WARN_OBJC_LITERAL_CONVERSION = YES;
				CLANG_WARN_OBJC_ROOT_CLASS = YES_ERROR;
				CLANG_WARN_QUOTED_INCLUDE_IN_FRAMEWORK_HEADER = YES;
				CLANG_WARN_RANGE_LOOP_ANALYSIS = YES;
				CLANG_WARN_STRICT_PROTOTYPES = YES;
				CLANG_WARN_SUSPICIOUS_MOVE = YES;
				CLANG_WARN_UNGUARDED_AVAILABILITY = YES_AGGRESSIVE;
				CLANG_WARN_UNREACHABLE_CODE = YES;
				CLANG_WARN__DUPLICATE_METHOD_MATCH = YES;
				COPY_PHASE_STRIP = NO;
				DEBUG_INFORMATION_FORMAT = dwarf;
				ENABLE_STRICT_OBJC_MSGSEND = YES;
				ENABLE_TESTABILITY = YES;
				GCC_C_LANGUAGE_STANDARD = gnu11;
				GCC_DYNAMIC_NO_PIC = NO;
				GCC_NO_COMMON_BLOCKS = YES;
				GCC_OPTIMIZATION_LEVEL = 0;
				GCC_PREPROCESSOR_DEFINITIONS = (
					"$(inherited)",
					"DEBUG=1",
				);
				GCC_WARN_64_TO_32_BIT_CONVERSION = YES;
				GCC_WARN_ABOUT_RETURN_TYPE = YES_ERROR;
				GCC_WARN_UNDECLARED_SELECTOR = YES;
				GCC_WARN_UNINITIALIZED_AUTOS = YES_AGGRESSIVE;
				GCC_WARN_UNUSED_FUNCTION = YES;
				GCC_WARN_UNUSED_VARIABLE = YES;
				GENERATE_INFOPLIST_FILE = YES;
				IPHONEOS_DEPLOYMENT_TARGET = 17.0;
				MTL_ENABLE_DEBUG_INFO = INCLUDE_SOURCE;
				MTL_FAST_MATH = YES;
				ONLY_ACTIVE_ARCH = YES;
				PRODUCT_NAME = "$(TARGET_NAME)";
				SDKROOT = iphoneos;
				SWIFT_ACTIVE_COMPILATION_CONDITIONS = DEBUG;
				SWIFT_OPTIMIZATION_LEVEL = "-Onone";
				SWIFT_VERSION = 5.9;
			};
			name = Debug;
		};
		DC39AC34CF9B618385D80CFD /* Release */ = {
			isa = XCBuildConfiguration;
			buildSettings = {
				ALWAYS_SEARCH_USER_PATHS = NO;
				CLANG_ANALYZER_NONNULL = YES;
				CLANG_ANALYZER_NUMBER_OBJECT_CONVERSION = YES_AGGRESSIVE;
				CLANG_CXX_LANGUAGE_STANDARD = "gnu++14";
				CLANG_CXX_LIBRARY = "libc++";
				CLANG_ENABLE_MODULES = YES;
				CLANG_ENABLE_OBJC_ARC = YES;
				CLANG_ENABLE_OBJC_WEAK = YES;
				CLANG_WARN_BLOCK_CAPTURE_AUTORELEASING = YES;
				CLANG_WARN_BOOL_CONVERSION = YES;
				CLANG_WARN_COMMA = YES;
				CLANG_WARN_CONSTANT_CONVERSION = YES;
				CLANG_WARN_DEPRECATED_OBJC_IMPLEMENTATIONS = YES;
				CLANG_WARN_DIRECT_OBJC_ISA_USAGE = YES_ERROR;
				CLANG_WARN_DOCUMENTATION_COMMENTS = YES;
				CLANG_WARN_EMPTY_BODY = YES;
				CLANG_WARN_ENUM_CONVERSION = YES;
				CLANG_WARN_INFINITE_RECURSION = YES;
				CLANG_WARN_INT_CONVERSION = YES;
				CLANG_WARN_NON_LITERAL_NULL_CONVERSION = YES;
				CLANG_WARN_OBJC_IMPLICIT_RETAIN_SELF = YES;
				CLANG_WARN_OBJC_LITERAL_CONVERSION = YES;
				CLANG_WARN_OBJC_ROOT_CLASS = YES_ERROR;
				CLANG_WARN_QUOTED_INCLUDE_IN_FRAMEWORK_HEADER = YES;
				CLANG_WARN_RANGE_LOOP_ANALYSIS = YES;
				CLANG_WARN_STRICT_PROTOTYPES = YES;
				CLANG_WARN_SUSPICIOUS_MOVE = YES;
				CLANG_WARN_UNGUARDED_AVAILABILITY = YES_AGGRESSIVE;
				CLANG_WARN_UNREACHABLE_CODE = YES;
				CLANG_WARN__DUPLICATE_METHOD_MATCH = YES;
				COPY_PHASE_STRIP = NO;
				DEBUG_INFORMATION_FORMAT = "dwarf-with-dsym";
				ENABLE_NS_ASSERTIONS = NO;
				ENABLE_STRICT_OBJC_MSGSEND = YES;
				GCC_C_LANGUAGE_STANDARD = gnu11;
				GCC_NO_COMMON_BLOCKS = YES;
				GCC_WARN_64_TO_32_BIT_CONVERSION = YES;
				GCC_WARN_ABOUT_RETURN_TYPE = YES_ERROR;
				GCC_WARN_UNDECLARED_SELECTOR = YES;
				GCC_WARN_UNINITIALIZED_AUTOS = YES_AGGRESSIVE;
				GCC_WARN_UNUSED_FUNCTION = YES;
				GCC_WARN_UNUSED_VARIABLE = YES;
				GENERATE_INFOPLIST_FILE = YES;
				IPHONEOS_DEPLOYMENT_TARGET = 17.0;
				MTL_ENABLE_DEBUG_INFO = NO;
				MTL_FAST_MATH = YES;
				PRODUCT_NAME = "$(TARGET_NAME)";
				SDKROOT = iphoneos;
				SWIFT_COMPILATION_MODE = wholemodule;
				SWIFT_OPTIMIZATION_LEVEL = "-O";
				SWIFT_VERSION = 5.9;
			};
			name = Release;
		};
		E74020590D6A72EE4B100F8D /* Release */ = {
			isa = XCBuildConfiguration;
			buildSettings = {
				BUNDLE_LOADER = "$(TEST_HOST)";
				LD_RUNPATH_SEARCH_PATHS = (
					"$(inherited)",
					"@executable_path/Frameworks",
					"@loader_path/Frameworks",
				);
				PRODUCT_BUNDLE_IDENTIFIER = com.karankotai.FretwiseTests;
				SDKROOT = iphoneos;
				TARGETED_DEVICE_FAMILY = "1,2";
				TEST_HOST = "$(BUILT_PRODUCTS_DIR)/Fretwise.app/Fretwise";
			};
			name = Release;
		};
/* End XCBuildConfiguration section */

/* Begin XCConfigurationList section */
		14952CD0708F98FC730000EF /* Build configuration list for PBXNativeTarget "FretwiseTests" */ = {
			isa = XCConfigurationList;
			buildConfigurations = (
				463E79A07EC4595B88B1E267 /* Debug */,
				E74020590D6A72EE4B100F8D /* Release */,
			);
			defaultConfigurationIsVisible = 0;
			defaultConfigurationName = Debug;
		};
		26C85840B558F7C460312AF8 /* Build configuration list for PBXProject "Fretwise" */ = {
			isa = XCConfigurationList;
			buildConfigurations = (
				BA34761C324FA918478AF6C6 /* Debug */,
				DC39AC34CF9B618385D80CFD /* Release */,
			);
			defaultConfigurationIsVisible = 0;
			defaultConfigurationName = Debug;
		};
		82F6F60D381448610E2462F9 /* Build configuration list for PBXNativeTarget "Fretwise" */ = {
			isa = XCConfigurationList;
			buildConfigurations = (
				9035213F4908C9E495600382 /* Debug */,
				1B179FFA9094476503E7C5C6 /* Release */,
			);
			defaultConfigurationIsVisible = 0;
			defaultConfigurationName = Debug;
		};
/* End XCConfigurationList section */
	};
	rootObject = 85F5C12F0F52B199372E7F75 /* Project object */;
}
